// !$*UTF8*$!
{
	archiveVersion = 1;
	classes = {
	};
	objectVersion = 46;
	objects = {

/* Begin PBXBuildFile section */
		304A96951C8BB268001146E6 /* AppDelegate.swift in Sources */ = {isa = PBXBuildFile; fileRef = 304A96941C8BB268001146E6 /* AppDelegate.swift */; };
		304A96971C8BB268001146E6 /* ViewController.swift in Sources */ = {isa = PBXBuildFile; fileRef = 304A96961C8BB268001146E6 /* ViewController.swift */; };
		304A969A1C8BB268001146E6 /* Main.storyboard in Resources */ = {isa = PBXBuildFile; fileRef = 304A96981C8BB268001146E6 /* Main.storyboard */; };
		304A969C1C8BB268001146E6 /* Assets.xcassets in Resources */ = {isa = PBXBuildFile; fileRef = 304A969B1C8BB268001146E6 /* Assets.xcassets */; };
		304A969F1C8BB268001146E6 /* LaunchScreen.storyboard in Resources */ = {isa = PBXBuildFile; fileRef = 304A969D1C8BB268001146E6 /* LaunchScreen.storyboard */; };
		304A96A91C8BB546001146E6 /* tttGrid.png in Resources */ = {isa = PBXBuildFile; fileRef = 304A96A61C8BB546001146E6 /* tttGrid.png */; };
		304A96AA1C8BB546001146E6 /* tttO.png in Resources */ = {isa = PBXBuildFile; fileRef = 304A96A71C8BB546001146E6 /* tttO.png */; };
		304A96AB1C8BB546001146E6 /* tttX.png in Resources */ = {isa = PBXBuildFile; fileRef = 304A96A81C8BB546001146E6 /* tttX.png */; };
/* End PBXBuildFile section */

/* Begin PBXFileReference section */
		304A96911C8BB268001146E6 /* ticTacToe.app */ = {isa = PBXFileReference; explicitFileType = wrapper.application; includeInIndex = 0; path = ticTacToe.app; sourceTree = BUILT_PRODUCTS_DIR; };
		304A96941C8BB268001146E6 /* AppDelegate.swift */ = {isa = PBXFileReference; lastKnownFileType = sourcecode.swift; path = AppDelegate.swift; sourceTree = "<group>"; };
		304A96961C8BB268001146E6 /* ViewController.swift */ = {isa = PBXFileReference; lastKnownFileType = sourcecode.swift; path = ViewController.swift; sourceTree = "<group>"; };
		304A96991C8BB268001146E6 /* Base */ = {isa = PBXFileReference; lastKnownFileType = file.storyboard; name = Base; path = Base.lproj/Main.storyboard; sourceTree = "<group>"; };
		304A969B1C8BB268001146E6 /* Assets.xcassets */ = {isa = PBXFileReference; lastKnownFileType = folder.assetcatalog; path = Assets.xcassets; sourceTree = "<group>"; };
		304A969E1C8BB268001146E6 /* Base */ = {isa = PBXFileReference; lastKnownFileType = file.storyboard; name = Base; path = Base.lproj/LaunchScreen.storyboard; sourceTree = "<group>"; };
		304A96A01C8BB268001146E6 /* Info.plist */ = {isa = PBXFileReference; lastKnownFileType = text.plist.xml; path = Info.plist; sourceTree = "<group>"; };
		304A96A61C8BB546001146E6 /* tttGrid.png */ = {isa = PBXFileReference; lastKnownFileType = image.png; name = tttGrid.png; path = ../../tttGrid.png; sourceTree = "<group>"; };
		304A96A71C8BB546001146E6 /* tttO.png */ = {isa = PBXFileReference; lastKnownFileType = image.png; name = tttO.png; path = ../../tttO.png; sourceTree = "<group>"; };
		304A96A81C8BB546001146E6 /* tttX.png */ = {isa = PBXFileReference; lastKnownFileType = image.png; name = tttX.png; path = ../../tttX.png; sourceTree = "<group>"; };
/* End PBXFileReference section */

/* Begin PBXFrameworksBuildPhase section */
		304A968E1C8BB268001146E6 /* Frameworks */ = {
			isa = PBXFrameworksBuildPhase;
			buildActionMask = 2147483647;
			files = (
			);
			runOnlyForDeploymentPostprocessing = 0;
		};
/* End PBXFrameworksBuildPhase section */

/* Begin PBXGroup section */
		304A96881C8BB268001146E6 = {
			isa = PBXGroup;
			children = (
				304A96931C8BB268001146E6 /* ticTacToe */,
				304A96921C8BB268001146E6 /* Products */,
			);
			sourceTree = "<group>";
		};
		304A96921C8BB268001146E6 /* Products */ = {
			isa = PBXGroup;
			children = (
				304A96911C8BB268001146E6 /* ticTacToe.app */,
			);
			name = Products;
			sourceTree = "<group>";
		};
		304A96931C8BB268001146E6 /* ticTacToe */ = {
			isa = PBXGroup;
			children = (
				304A96941C8BB268001146E6 /* AppDelegate.swift */,
				304A96961C8BB268001146E6 /* ViewController.swift */,
				304A96981C8BB268001146E6 /* Main.storyboard */,
				304A96A61C8BB546001146E6 /* tttGrid.png */,
				304A96A71C8BB546001146E6 /* tttO.png */,
				304A96A81C8BB546001146E6 /* tttX.png */,
				304A969B1C8BB268001146E6 /* Assets.xcassets */,
				304A969D1C8BB268001146E6 /* LaunchScreen.storyboard */,
				304A96A01C8BB268001146E6 /* Info.plist */,
			);
			path = ticTacToe;
			sourceTree = "<group>";
		};
/* End PBXGroup section */

/* Begin PBXNativeTarget section */
		304A96901C8BB268001146E6 /* ticTacToe */ = {
			isa = PBXNativeTarget;
			buildConfigurationList = 304A96A31C8BB268001146E6 /* Build configuration list for PBXNativeTarget "ticTacToe" */;
			buildPhases = (
				304A968D1C8BB268001146E6 /* Sources */,
				304A968E1C8BB268001146E6 /* Frameworks */,
				304A968F1C8BB268001146E6 /* Resources */,
			);
			buildRules = (
			);
			dependencies = (
			);
			name = ticTacToe;
			productName = ticTacToe;
			productReference = 304A96911C8BB268001146E6 /* ticTacToe.app */;
			productType = "com.apple.product-type.application";
		};
/* End PBXNativeTarget section */

/* Begin PBXProject section */
		304A96891C8BB268001146E6 /* Project object */ = {
			isa = PBXProject;
			attributes = {
				LastSwiftUpdateCheck = 0720;
				LastUpgradeCheck = 0720;
				ORGANIZATIONNAME = "Danny Kobayashi";
				TargetAttributes = {
					304A96901C8BB268001146E6 = {
						CreatedOnToolsVersion = 7.2.1;
					};
				};
			};
			buildConfigurationList = 304A968C1C8BB268001146E6 /* Build configuration list for PBXProject "ticTacToe" */;
			compatibilityVersion = "Xcode 3.2";
			developmentRegion = English;
			hasScannedForEncodings = 0;
			knownRegions = (
				en,
				Base,
			);
			mainGroup = 304A96881C8BB268001146E6;
			productRefGroup = 304A96921C8BB268001146E6 /* Products */;
			projectDirPath = "";
			projectRoot = "";
			targets = (
				304A96901C8BB268001146E6 /* ticTacToe */,
			);
		};
/* End PBXProject section */

/* Begin PBXResourcesBuildPhase section */
		304A968F1C8BB268001146E6 /* Resources */ = {
			isa = PBXResourcesBuildPhase;
			buildActionMask = 2147483647;
			files = (
				304A96A91C8BB546001146E6 /* tttGrid.png in Resources */,
				304A96AA1C8BB546001146E6 /* tttO.png in Resources */,
				304A969F1C8BB268001146E6 /* LaunchScreen.storyboard in Resources */,
				304A969C1C8BB268001146E6 /* Assets.xcassets in Resources */,
				304A969A1C8BB268001146E6 /* Main.storyboard in Resources */,
				304A96AB1C8BB546001146E6 /* tttX.png in Resources */,
			);
			runOnlyForDeploymentPostprocessing = 0;
		};
/* End PBXResourcesBuildPhase section */

/* Begin PBXSourcesBuildPhase section */
		304A968D1C8BB268001146E6 /* Sources */ = {
			isa = PBXSourcesBuildPhase;
			buildActionMask = 2147483647;
			files = (
				304A96971C8BB268001146E6 /* ViewController.swift in Sources */,
				304A96951C8BB268001146E6 /* AppDelegate.swift in Sources */,
			);
			runOnlyForDeploymentPostprocessing = 0;
		};
/* End PBXSourcesBuildPhase section */

/* Begin PBXVariantGroup section */
		304A96981C8BB268001146E6 /* Main.storyboard */ = {
			isa = PBXVariantGroup;
			children = (
				304A96991C8BB268001146E6 /* Base */,
			);
			name = Main.storyboard;
			sourceTree = "<group>";
		};
		304A969D1C8BB268001146E6 /* LaunchScreen.storyboard */ = {
			isa = PBXVariantGroup;
			children = (
				304A969E1C8BB268001146E6 /* Base */,
			);
			name = LaunchScreen.storyboard;
			sourceTree = "<group>";
		};
/* End PBXVariantGroup section */

/* Begin XCBuildConfiguration section */
		304A96A11C8BB268001146E6 /* Debug */ = {
			isa = XCBuildConfiguration;
			buildSettings = {
				ALWAYS_SEARCH_USER_PATHS = NO;
				CLANG_CXX_LANGUAGE_STANDARD = "gnu++0x";
				CLANG_CXX_LIBRARY = "libc++";
				CLANG_ENABLE_MODULES = YES;
				CLANG_ENABLE_OBJC_ARC = YES;
				CLANG_WARN_BOOL_CONVERSION = YES;
				CLANG_WARN_CONSTANT_CONVERSION = YES;
				CLANG_WARN_DIRECT_OBJC_ISA_USAGE = YES_ERROR;
				CLANG_WARN_EMPTY_BODY = YES;
				CLANG_WARN_ENUM_CONVERSION = YES;
				CLANG_WARN_INT_CONVERSION = YES;
				CLANG_WARN_OBJC_ROOT_CLASS = YES_ERROR;
				CLANG_WARN_UNREACHABLE_CODE = YES;
				CLANG_WARN__DUPLICATE_METHOD_MATCH = YES;
				"CODE_SIGN_IDENTITY[sdk=iphoneos*]" = "iPhone Developer";
				COPY_PHASE_STRIP = NO;
				DEBUG_INFORMATION_FORMAT = dwarf;
				ENABLE_STRICT_OBJC_MSGSEND = YES;
				ENABLE_TESTABILITY = YES;
				GCC_C_LANGUAGE_STANDARD = gnu99;
				GCC_DYNAMIC_NO_PIC = NO;
				GCC_NO_COMMON_BLOCKS = YES;
				GCC_OPTIMIZATION_LEVEL = 0;
				GCC_PREPROCESSOR_DEFINITIONS = (
					"DEBUG=1",
					"$(inherited)",
				);
				GCC_WARN_64_TO_32_BIT_CONVERSION = YES;
				GCC_WARN_ABOUT_RETURN_TYPE = YES_ERROR;
				GCC_WARN_UNDECLARED_SELECTOR = YES;
				GCC_WARN_UNINITIALIZED_AUTOS = YES_AGGRESSIVE;
				GCC_WARN_UNUSED_FUNCTION = YES;
				GCC_WARN_UNUSED_VARIABLE = YES;
				IPHONEOS_DEPLOYMENT_TARGET = 9.2;
				MTL_ENABLE_DEBUG_INFO = YES;
				ONLY_ACTIVE_ARCH = YES;
				SDKROOT = iphoneos;
				SWIFT_OPTIMIZATION_LEVEL = "-Onone";
			};
			name = Debug;
		};
		304A96A21C8BB268001146E6 /* Release */ = {
			isa = XCBuildConfiguration;
			buildSettings = {
				ALWAYS_SEARCH_USER_PATHS = NO;
				CLANG_CXX_LANGUAGE_STANDARD = "gnu++0x";
				CLANG_CXX_LIBRARY = "libc++";
				CLANG_ENABLE_MODULES = YES;
				CLANG_ENABLE_OBJC_ARC = YES;
				CLANG_WARN_BOOL_CONVERSION = YES;
				CLANG_WARN_CONSTANT_CONVERSION = YES;
				CLANG_WARN_DIRECT_OBJC_ISA_USAGE = YES_ERROR;
				CLANG_WARN_EMPTY_BODY = YES;
				CLANG_WARN_ENUM_CONVERSION = YES;
				CLANG_WARN_INT_CONVERSION = YES;
				CLANG_WARN_OBJC_ROOT_CLASS = YES_ERROR;
				CLANG_WARN_UNREACHABLE_CODE = YES;
				CLANG_WARN__DUPLICATE_METHOD_MATCH = YES;
				"CODE_SIGN_IDENTITY[sdk=iphoneos*]" = "iPhone Developer";
				COPY_PHASE_STRIP = NO;
				DEBUG_INFORMATION_FORMAT = "dwarf-with-dsym";
				ENABLE_NS_ASSERTIONS = NO;
				ENABLE_STRICT_OBJC_MSGSEND = YES;
				GCC_C_LANGUAGE_STANDARD = gnu99;
				GCC_NO_COMMON_BLOCKS = YES;
				GCC_WARN_64_TO_32_BIT_CONVERSION = YES;
				GCC_WARN_ABOUT_RETURN_TYPE = YES_ERROR;
				GCC_WARN_UNDECLARED_SELECTOR = YES;
				GCC_WARN_UNINITIALIZED_AUTOS = YES_AGGRESSIVE;
				GCC_WARN_UNUSED_FUNCTION = YES;
				GCC_WARN_UNUSED_VARIABLE = YES;
				IPHONEOS_DEPLOYMENT_TARGET = 9.2;
				MTL_ENABLE_DEBUG_INFO = NO;
				SDKROOT = iphoneos;
				VALIDATE_PRODUCT = YES;
			};
			name = Release;
		};
		304A96A41C8BB268001146E6 /* Debug */ = {
			isa = XCBuildConfiguration;
			buildSettings = {
				ASSETCATALOG_COMPILER_APPICON_NAME = AppIcon;
				INFOPLIST_FILE = ticTacToe/Info.plist;
				LD_RUNPATH_SEARCH_PATHS = "$(inherited) @executable_path/Frameworks";
				PRODUCT_BUNDLE_IDENTIFIER = guru.dbk.ticTacToe;
				PRODUCT_NAME = "$(TARGET_NAME)";
			};
			name = Debug;
		};
		304A96A51C8BB268001146E6 /* Release */ = {
			isa = XCBuildConfiguration;
			buildSettings = {
				ASSETCATALOG_COMPILER_APPICON_NAME = AppIcon;
				INFOPLIST_FILE = ticTacToe/Info.plist;
				LD_RUNPATH_SEARCH_PATHS = "$(inherited) @executable_path/Frameworks";
				PRODUCT_BUNDLE_IDENTIFIER = guru.dbk.ticTacToe;
				PRODUCT_NAME = "$(TARGET_NAME)";
			};
			name = Release;
		};
/* End XCBuildConfiguration section */

/* Begin XCConfigurationList section */
		304A968C1C8BB268001146E6 /* Build configuration list for PBXProject "ticTacToe" */ = {
			isa = XCConfigurationList;
			buildConfigurations = (
				304A96A11C8BB268001146E6 /* Debug */,
				304A96A21C8BB268001146E6 /* Release */,
			);
			defaultConfigurationIsVisible = 0;
			defaultConfigurationName = Release;
		};
		304A96A31C8BB268001146E6 /* Build configuration list for PBXNativeTarget "ticTacToe" */ = {
			isa = XCConfigurationList;
			buildConfigurations = (
				304A96A41C8BB268001146E6 /* Debug */,
				304A96A51C8BB268001146E6 /* Release */,
			);
			defaultConfigurationIsVisible = 0;
		};
/* End XCConfigurationList section */
	};
	rootObject = 304A96891C8BB268001146E6 /* Project object */;
}
